
Microsoft Visual Studio Solution File, Format Version 12.00
# Visual Studio Version 17
Project("{8BC9CEB8-8B4A-11D0-8D11-00A0C91BC942}") = "ALL_BUILD", "ALL_BUILD.vcxproj", "{4E3F324D-39A1-34BB-8EF8-35BD85BD8EBF}"
	ProjectSection(ProjectDependencies) = postProject
		{B262BBBF-C19E-3A80-A4CA-0862FBC71957} = {B262BBBF-C19E-3A80-A4CA-0862FBC71957}
		{23DBF1C9-527D-30DD-A206-E8CE044F4B9B} = {23DBF1C9-527D-30DD-A206-E8CE044F4B9B}
		{1257C6CD-A9D6-3559-9BE4-40530ECA74E7} = {1257C6CD-A9D6-3559-9BE4-40530ECA74E7}
		{813909A2-43AC-3655-8D1A-11F77E5596CD} = {813909A2-43AC-3655-8D1A-11F77E5596CD}
		{576F8DB9-F24D-3B5D-95DB-9A5CDC9DFC8D} = {576F8DB9-F24D-3B5D-95DB-9A5CDC9DFC8D}
	EndProjectSection
EndProject
Project("{8BC9CEB8-8B4A-11D0-8D11-00A0C91BC942}") = "DART_API_EXTRACT", "DART_API_EXTRACT.vcxproj", "{B262BBBF-C19E-3A80-A4CA-0862FBC71957}"
	ProjectSection(ProjectDependencies) = postProject
		{813909A2-43AC-3655-8D1A-11F77E5596CD} = {813909A2-43AC-3655-8D1A-11F77E5596CD}
	EndProjectSection
EndProject
Project("{8BC9CEB8-8B4A-11D0-8D11-00A0C91BC942}") = "INSTALL", "INSTALL.vcxproj", "{C310873E-CC45-32F6-843A-38B1D0918025}"
	ProjectSection(ProjectDependencies) = postProject
		{4E3F324D-39A1-34BB-8EF8-35BD85BD8EBF} = {4E3F324D-39A1-34BB-8EF8-35BD85BD8EBF}
		{813909A2-43AC-3655-8D1A-11F77E5596CD} = {813909A2-43AC-3655-8D1A-11F77E5596CD}
	EndProjectSection
EndProject
Project("{8BC9CEB8-8B4A-11D0-8D11-00A0C91BC942}") = "LIBVLCPP_EXTRACT", "LIBVLCPP_EXTRACT.vcxproj", "{23DBF1C9-527D-30DD-A206-E8CE044F4B9B}"
	ProjectSection(ProjectDependencies) = postProject
		{813909A2-43AC-3655-8D1A-11F77E5596CD} = {813909A2-43AC-3655-8D1A-11F77E5596CD}
	EndProjectSection
EndProject
Project("{8BC9CEB8-8B4A-11D0-8D11-00A0C91BC942}") = "LIBVLC_EXTRACT", "LIBVLC_EXTRACT.vcxproj", "{1257C6CD-A9D6-3559-9BE4-40530ECA74E7}"
	ProjectSection(ProjectDependencies) = postProject
		{813909A2-43AC-3655-8D1A-11F77E5596CD} = {813909A2-43AC-3655-8D1A-11F77E5596CD}
	EndProjectSection
EndProject
Project("{8BC9CEB8-8B4A-11D0-8D11-00A0C91BC942}") = "ZERO_CHECK", "..\\ZERO_CHECK.vcxproj", "{813909A2-43AC-3655-8D1A-11F77E5596CD}"
	ProjectSection(ProjectDependencies) = postProject
	EndProjectSection
EndProject
Project("{8BC9CEB8-8B4A-11D0-8D11-00A0C91BC942}") = "dart_vlc_core", "dart_vlc_core.vcxproj", "{576F8DB9-F24D-3B5D-95DB-9A5CDC9DFC8D}"
	ProjectSection(ProjectDependencies) = postProject
		{1257C6CD-A9D6-3559-9BE4-40530ECA74E7} = {1257C6CD-A9D6-3559-9BE4-40530ECA74E7}
		{813909A2-43AC-3655-8D1A-11F77E5596CD} = {813909A2-43AC-3655-8D1A-11F77E5596CD}
	EndProjectSection
EndProject
Global
	GlobalSection(SolutionConfigurationPlatforms) = preSolution
		Debug|x64 = Debug|x64
		Profile|x64 = Profile|x64
		Release|x64 = Release|x64
	EndGlobalSection
	GlobalSection(ProjectConfigurationPlatforms) = postSolution
		{4E3F324D-39A1-34BB-8EF8-35BD85BD8EBF}.Debug|x64.ActiveCfg = Debug|x64
		{4E3F324D-39A1-34BB-8EF8-35BD85BD8EBF}.Debug|x64.Build.0 = Debug|x64
		{4E3F324D-39A1-34BB-8EF8-35BD85BD8EBF}.Profile|x64.ActiveCfg = Profile|x64
		{4E3F324D-39A1-34BB-8EF8-35BD85BD8EBF}.Profile|x64.Build.0 = Profile|x64
		{4E3F324D-39A1-34BB-8EF8-35BD85BD8EBF}.Release|x64.ActiveCfg = Release|x64
		{4E3F324D-39A1-34BB-8EF8-35BD85BD8EBF}.Release|x64.Build.0 = Release|x64
		{B262BBBF-C19E-3A80-A4CA-0862FBC71957}.Debug|x64.ActiveCfg = Debug|x64
		{B262BBBF-C19E-3A80-A4CA-0862FBC71957}.Debug|x64.Build.0 = Debug|x64
		{B262BBBF-C19E-3A80-A4CA-0862FBC71957}.Profile|x64.ActiveCfg = Profile|x64
		{B262BBBF-C19E-3A80-A4CA-0862FBC71957}.Profile|x64.Build.0 = Profile|x64
		{B262BBBF-C19E-3A80-A4CA-0862FBC71957}.Release|x64.ActiveCfg = Release|x64
		{B262BBBF-C19E-3A80-A4CA-0862FBC71957}.Release|x64.Build.0 = Release|x64
		{C310873E-CC45-32F6-843A-38B1D0918025}.Debug|x64.ActiveCfg = Debug|x64
		{C310873E-CC45-32F6-843A-38B1D0918025}.Profile|x64.ActiveCfg = Profile|x64
		{C310873E-CC45-32F6-843A-38B1D0918025}.Release|x64.ActiveCfg = Release|x64
		{23DBF1C9-527D-30DD-A206-E8CE044F4B9B}.Debug|x64.ActiveCfg = Debug|x64
		{23DBF1C9-527D-30DD-A206-E8CE044F4B9B}.Debug|x64.Build.0 = Debug|x64
		{23DBF1C9-527D-30DD-A206-E8CE044F4B9B}.Profile|x64.ActiveCfg = Profile|x64
		{23DBF1C9-527D-30DD-A206-E8CE044F4B9B}.Profile|x64.Build.0 = Profile|x64
		{23DBF1C9-527D-30DD-A206-E8CE044F4B9B}.Release|x64.ActiveCfg = Release|x64
		{23DBF1C9-527D-30DD-A206-E8CE044F4B9B}.Release|x64.Build.0 = Release|x64
		{1257C6CD-A9D6-3559-9BE4-40530ECA74E7}.Debug|x64.ActiveCfg = Debug|x64
		{1257C6CD-A9D6-3559-9BE4-40530ECA74E7}.Debug|x64.Build.0 = Debug|x64
		{1257C6CD-A9D6-3559-9BE4-40530ECA74E7}.Profile|x64.ActiveCfg = Profile|x64
		{1257C6CD-A9D6-3559-9BE4-40530ECA74E7}.Profile|x64.Build.0 = Profile|x64
		{1257C6CD-A9D6-3559-9BE4-40530ECA74E7}.Release|x64.ActiveCfg = Release|x64
		{1257C6CD-A9D6-3559-9BE4-40530ECA74E7}.Release|x64.Build.0 = Release|x64
		{813909A2-43AC-3655-8D1A-11F77E5596CD}.Debug|x64.ActiveCfg = Debug|x64
		{813909A2-43AC-3655-8D1A-11F77E5596CD}.Debug|x64.Build.0 = Debug|x64
		{813909A2-43AC-3655-8D1A-11F77E5596CD}.Profile|x64.ActiveCfg = Profile|x64
		{813909A2-43AC-3655-8D1A-11F77E5596CD}.Profile|x64.Build.0 = Profile|x64
		{813909A2-43AC-3655-8D1A-11F77E5596CD}.Release|x64.ActiveCfg = Release|x64
		{813909A2-43AC-3655-8D1A-11F77E5596CD}.Release|x64.Build.0 = Release|x64
		{576F8DB9-F24D-3B5D-95DB-9A5CDC9DFC8D}.Debug|x64.ActiveCfg = Debug|x64
		{576F8DB9-F24D-3B5D-95DB-9A5CDC9DFC8D}.Debug|x64.Build.0 = Debug|x64
		{576F8DB9-F24D-3B5D-95DB-9A5CDC9DFC8D}.Profile|x64.ActiveCfg = Profile|x64
		{576F8DB9-F24D-3B5D-95DB-9A5CDC9DFC8D}.Profile|x64.Build.0 = Profile|x64
		{576F8DB9-F24D-3B5D-95DB-9A5CDC9DFC8D}.Release|x64.ActiveCfg = Release|x64
		{576F8DB9-F24D-3B5D-95DB-9A5CDC9DFC8D}.Release|x64.Build.0 = Release|x64
	EndGlobalSection
	GlobalSection(ExtensibilityGlobals) = postSolution
		SolutionGuid = {017D4EDC-AEC2-3021-B614-CE2BC3D34EBD}
	EndGlobalSection
	GlobalSection(ExtensibilityAddIns) = postSolution
	EndGlobalSection
EndGlobal
