<?xml version="1.0" encoding="utf-8"?>
<Project ToolsVersion="17.0" xmlns="http://schemas.microsoft.com/developer/msbuild/2003">
  <ItemGroup>
    <ClCompile Include="F:\WorkSpace\Flutter\flutter_cookbook\windows\flutter\ephemeral\.plugin_symlinks\permission_handler_windows\windows\permission_handler_windows_plugin.cpp">
      <Filter>Source Files</Filter>
    </ClCompile>
  </ItemGroup>
  <ItemGroup>
    <ClInclude Include="F:\WorkSpace\Flutter\flutter_cookbook\windows\flutter\ephemeral\.plugin_symlinks\permission_handler_windows\windows\include\permission_handler_windows\permission_handler_windows_plugin.h">
      <Filter>Header Files</Filter>
    </ClInclude>
  </ItemGroup>
  <ItemGroup>
    <CustomBuild Include="F:\WorkSpace\Flutter\flutter_cookbook\windows\flutter\ephemeral\.plugin_symlinks\permission_handler_windows\windows\CMakeLists.txt" />
  </ItemGroup>
  <ItemGroup>
    <Filter Include="Header Files">
      <UniqueIdentifier>{7F7B8839-33F0-3DF0-9B64-F974F79968D7}</UniqueIdentifier>
    </Filter>
    <Filter Include="Source Files">
      <UniqueIdentifier>{09EBDB88-CD2E-38B0-8307-E8E621AA00F7}</UniqueIdentifier>
    </Filter>
  </ItemGroup>
</Project>
