<?xml version="1.0" encoding="utf-8"?>
<Project ToolsVersion="17.0" xmlns="http://schemas.microsoft.com/developer/msbuild/2003">
  <ItemGroup>
    <ClCompile Include="F:\WorkSpace\Flutter\flutter_cookbook\windows\flutter\ephemeral\.plugin_symlinks\dart_vlc\windows\dart_vlc_plugin.cc">
      <Filter>Source Files</Filter>
    </ClCompile>
    <ClCompile Include="F:\WorkSpace\Flutter\flutter_cookbook\windows\flutter\ephemeral\.plugin_symlinks\dart_vlc\windows\video_outlet.cc">
      <Filter>Source Files</Filter>
    </ClCompile>
    <ClCompile Include="F:\WorkSpace\Flutter\flutter_cookbook\windows\flutter\ephemeral\.plugin_symlinks\dart_vlc\windows\win32_window.cc">
      <Filter>Source Files</Filter>
    </ClCompile>
  </ItemGroup>
  <ItemGroup>
    <CustomBuild Include="F:\WorkSpace\Flutter\flutter_cookbook\windows\flutter\ephemeral\.plugin_symlinks\dart_vlc\windows\CMakeLists.txt" />
  </ItemGroup>
  <ItemGroup>
    <Filter Include="Source Files">
      <UniqueIdentifier>{09EBDB88-CD2E-38B0-8307-E8E621AA00F7}</UniqueIdentifier>
    </Filter>
  </ItemGroup>
</Project>
